
Microsoft Visual Studio Solution File, Format Version 12.00
# Visual Studio Version 16
VisualStudioVersion = 16.0.29509.3
MinimumVisualStudioVersion = 10.0.40219.1
Project("{FAE04EC0-301F-11D3-BF4B-00C04F79EFBC}") = "EmployeeManagement", "EmployeeManagement\EmployeeManagement.csproj", "{B925F833-4858-4DE4-8AD3-C03A68766387}"
EndProject
Global
	GlobalSection(SolutionConfigurationPlatforms) = preSolution
		Debug|Any CPU = Debug|Any CPU
		Release|Any CPU = Release|Any CPU
	EndGlobalSection
	GlobalSection(ProjectConfigurationPlatforms) = postSolution
		{B925F833-4858-4DE4-8AD3-C03A68766387}.Debug|Any CPU.ActiveCfg = Debug|Any CPU
		{B925F833-4858-4DE4-8AD3-C03A68766387}.Debug|Any CPU.Build.0 = Debug|Any CPU
		{B925F833-4858-4DE4-8AD3-C03A68766387}.Release|Any CPU.ActiveCfg = Release|Any CPU
		{B925F833-4858-4DE4-8AD3-C03A68766387}.Release|Any CPU.Build.0 = Release|Any CPU
	EndGlobalSection
	GlobalSection(SolutionProperties) = preSolution
		HideSolutionNode = FALSE
	EndGlobalSection
	GlobalSection(ExtensibilityGlobals) = postSolution
		SolutionGuid = {C42DD41F-D255-4399-9FF4-096BA23C1610}
	EndGlobalSection
EndGlobal
